
Microsoft Visual Studio Solution File, Format Version 12.00
# Visual Studio 2013
VisualStudioVersion = 12.0.30723.0
MinimumVisualStudioVersion = 10.0.40219.1
Project("{FAE04EC0-301F-11D3-BF4B-00C04F79EFBC}") = "Twitch.Net", "..\..\twitch.net\Twitch.Net\Twitch.Net.csproj", "{193B6738-4B03-4551-A8CB-F882AF480EA0}"
EndProject
Project("{FAE04EC0-301F-11D3-BF4B-00C04F79EFBC}") = "TwitchFollowClient", "TwitchFollowClient\TwitchFollowClient.csproj", "{7276B587-8949-40AC-B7CC-7CB9507D0BEC}"
EndProject
Project("{FAE04EC0-301F-11D3-BF4B-00C04F79EFBC}") = "RestSharp.Build", "..\..\Resharp\resharp\RestSharp.Build\RestSharp.Build.csproj", "{CCC30138-3D68-44D8-AF1A-D22F769EE8DC}"
EndProject
Global
	GlobalSection(SolutionConfigurationPlatforms) = preSolution
		Debug|Any CPU = Debug|Any CPU
		Release|Any CPU = Release|Any CPU
	EndGlobalSection
	GlobalSection(ProjectConfigurationPlatforms) = postSolution
		{193B6738-4B03-4551-A8CB-F882AF480EA0}.Debug|Any CPU.ActiveCfg = Debug|Any CPU
		{193B6738-4B03-4551-A8CB-F882AF480EA0}.Debug|Any CPU.Build.0 = Debug|Any CPU
		{193B6738-4B03-4551-A8CB-F882AF480EA0}.Release|Any CPU.ActiveCfg = Release|Any CPU
		{193B6738-4B03-4551-A8CB-F882AF480EA0}.Release|Any CPU.Build.0 = Release|Any CPU
		{7276B587-8949-40AC-B7CC-7CB9507D0BEC}.Debug|Any CPU.ActiveCfg = Debug|Any CPU
		{7276B587-8949-40AC-B7CC-7CB9507D0BEC}.Debug|Any CPU.Build.0 = Debug|Any CPU
		{7276B587-8949-40AC-B7CC-7CB9507D0BEC}.Release|Any CPU.ActiveCfg = Release|Any CPU
		{7276B587-8949-40AC-B7CC-7CB9507D0BEC}.Release|Any CPU.Build.0 = Release|Any CPU
		{CCC30138-3D68-44D8-AF1A-D22F769EE8DC}.Debug|Any CPU.ActiveCfg = Debug|Any CPU
		{CCC30138-3D68-44D8-AF1A-D22F769EE8DC}.Debug|Any CPU.Build.0 = Debug|Any CPU
		{CCC30138-3D68-44D8-AF1A-D22F769EE8DC}.Release|Any CPU.ActiveCfg = Release|Any CPU
		{CCC30138-3D68-44D8-AF1A-D22F769EE8DC}.Release|Any CPU.Build.0 = Release|Any CPU
	EndGlobalSection
	GlobalSection(SolutionProperties) = preSolution
		HideSolutionNode = FALSE
	EndGlobalSection
EndGlobal
